// !$*UTF8*$!
{
	archiveVersion = 1;
	classes = {
	};
	objectVersion = 46;
	objects = {

/* Begin PBXBuildFile section */
		3402548F1CDB333300F6D23F /* UIImage+GaryImage.m in Sources */ = {isa = PBXBuildFile; fileRef = 3402548E1CDB333300F6D23F /* UIImage+GaryImage.m */; };
		34F26BC11CDAD87800448614 /* main.m in Sources */ = {isa = PBXBuildFile; fileRef = 34F26BC01CDAD87800448614 /* main.m */; };
		34F26BC41CDAD87800448614 /* AppDelegate.m in Sources */ = {isa = PBXBuildFile; fileRef = 34F26BC31CDAD87800448614 /* AppDelegate.m */; };
		34F26BC71CDAD87800448614 /* ViewController.m in Sources */ = {isa = PBXBuildFile; fileRef = 34F26BC61CDAD87800448614 /* ViewController.m */; };
		34F26BCA1CDAD87800448614 /* Main.storyboard in Resources */ = {isa = PBXBuildFile; fileRef = 34F26BC81CDAD87800448614 /* Main.storyboard */; };
		34F26BCC1CDAD87800448614 /* Assets.xcassets in Resources */ = {isa = PBXBuildFile; fileRef = 34F26BCB1CDAD87800448614 /* Assets.xcassets */; };
		34F26BCF1CDAD87800448614 /* LaunchScreen.storyboard in Resources */ = {isa = PBXBuildFile; fileRef = 34F26BCD1CDAD87800448614 /* LaunchScreen.storyboard */; };
		34F26BDA1CDAD87800448614 /* Test111Tests.m in Sources */ = {isa = PBXBuildFile; fileRef = 34F26BD91CDAD87800448614 /* Test111Tests.m */; };
		34F26BE51CDAD87800448614 /* Test111UITests.m in Sources */ = {isa = PBXBuildFile; fileRef = 34F26BE41CDAD87800448614 /* Test111UITests.m */; };
		34F26BF31CDB1F7100448614 /* IMG_0011.JPG in Resources */ = {isa = PBXBuildFile; fileRef = 34F26BF21CDB1F7100448614 /* IMG_0011.JPG */; };
		34F26BF61CDB2DC000448614 /* UIImage+ColorImage.m in Sources */ = {isa = PBXBuildFile; fileRef = 34F26BF51CDB2DC000448614 /* UIImage+ColorImage.m */; };
		34F26BF81CDB300E00448614 /* IMG_0003.JPG in Resources */ = {isa = PBXBuildFile; fileRef = 34F26BF71CDB300E00448614 /* IMG_0003.JPG */; };
/* End PBXBuildFile section */

/* Begin PBXContainerItemProxy section */
		34F26BD61CDAD87800448614 /* PBXContainerItemProxy */ = {
			isa = PBXContainerItemProxy;
			containerPortal = 34F26BB41CDAD87700448614 /* Project object */;
			proxyType = 1;
			remoteGlobalIDString = 34F26BBB1CDAD87700448614;
			remoteInfo = Test111;
		};
		34F26BE11CDAD87800448614 /* PBXContainerItemProxy */ = {
			isa = PBXContainerItemProxy;
			containerPortal = 34F26BB41CDAD87700448614 /* Project object */;
			proxyType = 1;
			remoteGlobalIDString = 34F26BBB1CDAD87700448614;
			remoteInfo = Test111;
		};
/* End PBXContainerItemProxy section */

/* Begin PBXFileReference section */
		3402548D1CDB333300F6D23F /* UIImage+GaryImage.h */ = {isa = PBXFileReference; fileEncoding = 4; lastKnownFileType = sourcecode.c.h; path = "UIImage+GaryImage.h"; sourceTree = "<group>"; };
		3402548E1CDB333300F6D23F /* UIImage+GaryImage.m */ = {isa = PBXFileReference; fileEncoding = 4; lastKnownFileType = sourcecode.c.objc; path = "UIImage+GaryImage.m"; sourceTree = "<group>"; };
		34F26BBC1CDAD87700448614 /* Test111.app */ = {isa = PBXFileReference; explicitFileType = wrapper.application; includeInIndex = 0; path = Test111.app; sourceTree = BUILT_PRODUCTS_DIR; };
		34F26BC01CDAD87800448614 /* main.m */ = {isa = PBXFileReference; lastKnownFileType = sourcecode.c.objc; path = main.m; sourceTree = "<group>"; };
		34F26BC21CDAD87800448614 /* AppDelegate.h */ = {isa = PBXFileReference; lastKnownFileType = sourcecode.c.h; path = AppDelegate.h; sourceTree = "<group>"; };
		34F26BC31CDAD87800448614 /* AppDelegate.m */ = {isa = PBXFileReference; lastKnownFileType = sourcecode.c.objc; path = AppDelegate.m; sourceTree = "<group>"; };
		34F26BC51CDAD87800448614 /* ViewController.h */ = {isa = PBXFileReference; lastKnownFileType = sourcecode.c.h; path = ViewController.h; sourceTree = "<group>"; };
		34F26BC61CDAD87800448614 /* ViewController.m */ = {isa = PBXFileReference; lastKnownFileType = sourcecode.c.objc; path = ViewController.m; sourceTree = "<group>"; };
		34F26BC91CDAD87800448614 /* Base */ = {isa = PBXFileReference; lastKnownFileType = file.storyboard; name = Base; path = Base.lproj/Main.storyboard; sourceTree = "<group>"; };
		34F26BCB1CDAD87800448614 /* Assets.xcassets */ = {isa = PBXFileReference; lastKnownFileType = folder.assetcatalog; path = Assets.xcassets; sourceTree = "<group>"; };
		34F26BCE1CDAD87800448614 /* Base */ = {isa = PBXFileReference; lastKnownFileType = file.storyboard; name = Base; path = Base.lproj/LaunchScreen.storyboard; sourceTree = "<group>"; };
		34F26BD01CDAD87800448614 /* Info.plist */ = {isa = PBXFileReference; lastKnownFileType = text.plist.xml; path = Info.plist; sourceTree = "<group>"; };
		34F26BD51CDAD87800448614 /* Test111Tests.xctest */ = {isa = PBXFileReference; explicitFileType = wrapper.cfbundle; includeInIndex = 0; path = Test111Tests.xctest; sourceTree = BUILT_PRODUCTS_DIR; };
		34F26BD91CDAD87800448614 /* Test111Tests.m */ = {isa = PBXFileReference; lastKnownFileType = sourcecode.c.objc; path = Test111Tests.m; sourceTree = "<group>"; };
		34F26BDB1CDAD87800448614 /* Info.plist */ = {isa = PBXFileReference; lastKnownFileType = text.plist.xml; path = Info.plist; sourceTree = "<group>"; };
		34F26BE01CDAD87800448614 /* Test111UITests.xctest */ = {isa = PBXFileReference; explicitFileType = wrapper.cfbundle; includeInIndex = 0; path = Test111UITests.xctest; sourceTree = BUILT_PRODUCTS_DIR; };
		34F26BE41CDAD87800448614 /* Test111UITests.m */ = {isa = PBXFileReference; lastKnownFileType = sourcecode.c.objc; path = Test111UITests.m; sourceTree = "<group>"; };
		34F26BE61CDAD87800448614 /* Info.plist */ = {isa = PBXFileReference; lastKnownFileType = text.plist.xml; path = Info.plist; sourceTree = "<group>"; };
		34F26BF21CDB1F7100448614 /* IMG_0011.JPG */ = {isa = PBXFileReference; lastKnownFileType = image.jpeg; path = IMG_0011.JPG; sourceTree = "<group>"; };
		34F26BF41CDB2DC000448614 /* UIImage+ColorImage.h */ = {isa = PBXFileReference; fileEncoding = 4; lastKnownFileType = sourcecode.c.h; path = "UIImage+ColorImage.h"; sourceTree = "<group>"; };
		34F26BF51CDB2DC000448614 /* UIImage+ColorImage.m */ = {isa = PBXFileReference; fileEncoding = 4; lastKnownFileType = sourcecode.c.objc; path = "UIImage+ColorImage.m"; sourceTree = "<group>"; };
		34F26BF71CDB300E00448614 /* IMG_0003.JPG */ = {isa = PBXFileReference; lastKnownFileType = image.jpeg; path = IMG_0003.JPG; sourceTree = "<group>"; };
/* End PBXFileReference section */

/* Begin PBXFrameworksBuildPhase section */
		34F26BB91CDAD87700448614 /* Frameworks */ = {
			isa = PBXFrameworksBuildPhase;
			buildActionMask = 2147483647;
			files = (
			);
			runOnlyForDeploymentPostprocessing = 0;
		};
		34F26BD21CDAD87800448614 /* Frameworks */ = {
			isa = PBXFrameworksBuildPhase;
			buildActionMask = 2147483647;
			files = (
			);
			runOnlyForDeploymentPostprocessing = 0;
		};
		34F26BDD1CDAD87800448614 /* Frameworks */ = {
			isa = PBXFrameworksBuildPhase;
			buildActionMask = 2147483647;
			files = (
			);
			runOnlyForDeploymentPostprocessing = 0;
		};
/* End PBXFrameworksBuildPhase section */

/* Begin PBXGroup section */
		34F26BB31CDAD87700448614 = {
			isa = PBXGroup;
			children = (
				34F26BBE1CDAD87800448614 /* Test111 */,
				34F26BD81CDAD87800448614 /* Test111Tests */,
				34F26BE31CDAD87800448614 /* Test111UITests */,
				34F26BBD1CDAD87700448614 /* Products */,
			);
			sourceTree = "<group>";
		};
		34F26BBD1CDAD87700448614 /* Products */ = {
			isa = PBXGroup;
			children = (
				34F26BBC1CDAD87700448614 /* Test111.app */,
				34F26BD51CDAD87800448614 /* Test111Tests.xctest */,
				34F26BE01CDAD87800448614 /* Test111UITests.xctest */,
			);
			name = Products;
			sourceTree = "<group>";
		};
		34F26BBE1CDAD87800448614 /* Test111 */ = {
			isa = PBXGroup;
			children = (
				34F26BC21CDAD87800448614 /* AppDelegate.h */,
				34F26BC31CDAD87800448614 /* AppDelegate.m */,
				34F26BC51CDAD87800448614 /* ViewController.h */,
				34F26BC61CDAD87800448614 /* ViewController.m */,
				34F26BF41CDB2DC000448614 /* UIImage+ColorImage.h */,
				34F26BF51CDB2DC000448614 /* UIImage+ColorImage.m */,
				3402548D1CDB333300F6D23F /* UIImage+GaryImage.h */,
				3402548E1CDB333300F6D23F /* UIImage+GaryImage.m */,
				34F26BF71CDB300E00448614 /* IMG_0003.JPG */,
				34F26BF21CDB1F7100448614 /* IMG_0011.JPG */,
				34F26BC81CDAD87800448614 /* Main.storyboard */,
				34F26BCB1CDAD87800448614 /* Assets.xcassets */,
				34F26BCD1CDAD87800448614 /* LaunchScreen.storyboard */,
				34F26BD01CDAD87800448614 /* Info.plist */,
				34F26BBF1CDAD87800448614 /* Supporting Files */,
			);
			path = Test111;
			sourceTree = "<group>";
		};
		34F26BBF1CDAD87800448614 /* Supporting Files */ = {
			isa = PBXGroup;
			children = (
				34F26BC01CDAD87800448614 /* main.m */,
			);
			name = "Supporting Files";
			sourceTree = "<group>";
		};
		34F26BD81CDAD87800448614 /* Test111Tests */ = {
			isa = PBXGroup;
			children = (
				34F26BD91CDAD87800448614 /* Test111Tests.m */,
				34F26BDB1CDAD87800448614 /* Info.plist */,
			);
			path = Test111Tests;
			sourceTree = "<group>";
		};
		34F26BE31CDAD87800448614 /* Test111UITests */ = {
			isa = PBXGroup;
			children = (
				34F26BE41CDAD87800448614 /* Test111UITests.m */,
				34F26BE61CDAD87800448614 /* Info.plist */,
			);
			path = Test111UITests;
			sourceTree = "<group>";
		};
/* End PBXGroup section */

/* Begin PBXNativeTarget section */
		34F26BBB1CDAD87700448614 /* Test111 */ = {
			isa = PBXNativeTarget;
			buildConfigurationList = 34F26BE91CDAD87800448614 /* Build configuration list for PBXNativeTarget "Test111" */;
			buildPhases = (
				34F26BB81CDAD87700448614 /* Sources */,
				34F26BB91CDAD87700448614 /* Frameworks */,
				34F26BBA1CDAD87700448614 /* Resources */,
			);
			buildRules = (
			);
			dependencies = (
			);
			name = Test111;
			productName = Test111;
			productReference = 34F26BBC1CDAD87700448614 /* Test111.app */;
			productType = "com.apple.product-type.application";
		};
		34F26BD41CDAD87800448614 /* Test111Tests */ = {
			isa = PBXNativeTarget;
			buildConfigurationList = 34F26BEC1CDAD87800448614 /* Build configuration list for PBXNativeTarget "Test111Tests" */;
			buildPhases = (
				34F26BD11CDAD87800448614 /* Sources */,
				34F26BD21CDAD87800448614 /* Frameworks */,
				34F26BD31CDAD87800448614 /* Resources */,
			);
			buildRules = (
			);
			dependencies = (
				34F26BD71CDAD87800448614 /* PBXTargetDependency */,
			);
			name = Test111Tests;
			productName = Test111Tests;
			productReference = 34F26BD51CDAD87800448614 /* Test111Tests.xctest */;
			productType = "com.apple.product-type.bundle.unit-test";
		};
		34F26BDF1CDAD87800448614 /* Test111UITests */ = {
			isa = PBXNativeTarget;
			buildConfigurationList = 34F26BEF1CDAD87800448614 /* Build configuration list for PBXNativeTarget "Test111UITests" */;
			buildPhases = (
				34F26BDC1CDAD87800448614 /* Sources */,
				34F26BDD1CDAD87800448614 /* Frameworks */,
				34F26BDE1CDAD87800448614 /* Resources */,
			);
			buildRules = (
			);
			dependencies = (
				34F26BE21CDAD87800448614 /* PBXTargetDependency */,
			);
			name = Test111UITests;
			productName = Test111UITests;
			productReference = 34F26BE01CDAD87800448614 /* Test111UITests.xctest */;
			productType = "com.apple.product-type.bundle.ui-testing";
		};
/* End PBXNativeTarget section */

/* Begin PBXProject section */
		34F26BB41CDAD87700448614 /* Project object */ = {
			isa = PBXProject;
			attributes = {
				LastUpgradeCheck = 0730;
				ORGANIZATIONNAME = zhangXu;
				TargetAttributes = {
					34F26BBB1CDAD87700448614 = {
						CreatedOnToolsVersion = 7.3;
					};
					34F26BD41CDAD87800448614 = {
						CreatedOnToolsVersion = 7.3;
						TestTargetID = 34F26BBB1CDAD87700448614;
					};
					34F26BDF1CDAD87800448614 = {
						CreatedOnToolsVersion = 7.3;
						TestTargetID = 34F26BBB1CDAD87700448614;
					};
				};
			};
			buildConfigurationList = 34F26BB71CDAD87700448614 /* Build configuration list for PBXProject "Test111" */;
			compatibilityVersion = "Xcode 3.2";
			developmentRegion = English;
			hasScannedForEncodings = 0;
			knownRegions = (
				en,
				Base,
			);
			mainGroup = 34F26BB31CDAD87700448614;
			productRefGroup = 34F26BBD1CDAD87700448614 /* Products */;
			projectDirPath = "";
			projectRoot = "";
			targets = (
				34F26BBB1CDAD87700448614 /* Test111 */,
				34F26BD41CDAD87800448614 /* Test111Tests */,
				34F26BDF1CDAD87800448614 /* Test111UITests */,
			);
		};
/* End PBXProject section */

/* Begin PBXResourcesBuildPhase section */
		34F26BBA1CDAD87700448614 /* Resources */ = {
			isa = PBXResourcesBuildPhase;
			buildActionMask = 2147483647;
			files = (
				34F26BCF1CDAD87800448614 /* LaunchScreen.storyboard in Resources */,
				34F26BF31CDB1F7100448614 /* IMG_0011.JPG in Resources */,
				34F26BCC1CDAD87800448614 /* Assets.xcassets in Resources */,
				34F26BF81CDB300E00448614 /* IMG_0003.JPG in Resources */,
				34F26BCA1CDAD87800448614 /* Main.storyboard in Resources */,
			);
			runOnlyForDeploymentPostprocessing = 0;
		};
		34F26BD31CDAD87800448614 /* Resources */ = {
			isa = PBXResourcesBuildPhase;
			buildActionMask = 2147483647;
			files = (
			);
			runOnlyForDeploymentPostprocessing = 0;
		};
		34F26BDE1CDAD87800448614 /* Resources */ = {
			isa = PBXResourcesBuildPhase;
			buildActionMask = 2147483647;
			files = (
			);
			runOnlyForDeploymentPostprocessing = 0;
		};
/* End PBXResourcesBuildPhase section */

/* Begin PBXSourcesBuildPhase section */
		34F26BB81CDAD87700448614 /* Sources */ = {
			isa = PBXSourcesBuildPhase;
			buildActionMask = 2147483647;
			files = (
				34F26BC71CDAD87800448614 /* ViewController.m in Sources */,
				34F26BF61CDB2DC000448614 /* UIImage+ColorImage.m in Sources */,
				34F26BC41CDAD87800448614 /* AppDelegate.m in Sources */,
				34F26BC11CDAD87800448614 /* main.m in Sources */,
				3402548F1CDB333300F6D23F /* UIImage+GaryImage.m in Sources */,
			);
			runOnlyForDeploymentPostprocessing = 0;
		};
		34F26BD11CDAD87800448614 /* Sources */ = {
			isa = PBXSourcesBuildPhase;
			buildActionMask = 2147483647;
			files = (
				34F26BDA1CDAD87800448614 /* Test111Tests.m in Sources */,
			);
			runOnlyForDeploymentPostprocessing = 0;
		};
		34F26BDC1CDAD87800448614 /* Sources */ = {
			isa = PBXSourcesBuildPhase;
			buildActionMask = 2147483647;
			files = (
				34F26BE51CDAD87800448614 /* Test111UITests.m in Sources */,
			);
			runOnlyForDeploymentPostprocessing = 0;
		};
/* End PBXSourcesBuildPhase section */

/* Begin PBXTargetDependency section */
		34F26BD71CDAD87800448614 /* PBXTargetDependency */ = {
			isa = PBXTargetDependency;
			target = 34F26BBB1CDAD87700448614 /* Test111 */;
			targetProxy = 34F26BD61CDAD87800448614 /* PBXContainerItemProxy */;
		};
		34F26BE21CDAD87800448614 /* PBXTargetDependency */ = {
			isa = PBXTargetDependency;
			target = 34F26BBB1CDAD87700448614 /* Test111 */;
			targetProxy = 34F26BE11CDAD87800448614 /* PBXContainerItemProxy */;
		};
/* End PBXTargetDependency section */

/* Begin PBXVariantGroup section */
		34F26BC81CDAD87800448614 /* Main.storyboard */ = {
			isa = PBXVariantGroup;
			children = (
				34F26BC91CDAD87800448614 /* Base */,
			);
			name = Main.storyboard;
			sourceTree = "<group>";
		};
		34F26BCD1CDAD87800448614 /* LaunchScreen.storyboard */ = {
			isa = PBXVariantGroup;
			children = (
				34F26BCE1CDAD87800448614 /* Base */,
			);
			name = LaunchScreen.storyboard;
			sourceTree = "<group>";
		};
/* End PBXVariantGroup section */

/* Begin XCBuildConfiguration section */
		34F26BE71CDAD87800448614 /* Debug */ = {
			isa = XCBuildConfiguration;
			buildSettings = {
				ALWAYS_SEARCH_USER_PATHS = NO;
				CLANG_ANALYZER_NONNULL = YES;
				CLANG_CXX_LANGUAGE_STANDARD = "gnu++0x";
				CLANG_CXX_LIBRARY = "libc++";
				CLANG_ENABLE_MODULES = YES;
				CLANG_ENABLE_OBJC_ARC = YES;
				CLANG_WARN_BOOL_CONVERSION = YES;
				CLANG_WARN_CONSTANT_CONVERSION = YES;
				CLANG_WARN_DIRECT_OBJC_ISA_USAGE = YES_ERROR;
				CLANG_WARN_EMPTY_BODY = YES;
				CLANG_WARN_ENUM_CONVERSION = YES;
				CLANG_WARN_INT_CONVERSION = YES;
				CLANG_WARN_OBJC_ROOT_CLASS = YES_ERROR;
				CLANG_WARN_UNREACHABLE_CODE = YES;
				CLANG_WARN__DUPLICATE_METHOD_MATCH = YES;
				"CODE_SIGN_IDENTITY[sdk=iphoneos*]" = "iPhone Developer";
				COPY_PHASE_STRIP = NO;
				DEBUG_INFORMATION_FORMAT = dwarf;
				ENABLE_STRICT_OBJC_MSGSEND = YES;
				ENABLE_TESTABILITY = YES;
				GCC_C_LANGUAGE_STANDARD = gnu99;
				GCC_DYNAMIC_NO_PIC = NO;
				GCC_NO_COMMON_BLOCKS = YES;
				GCC_OPTIMIZATION_LEVEL = 0;
				GCC_PREPROCESSOR_DEFINITIONS = (
					"DEBUG=1",
					"$(inherited)",
				);
				GCC_WARN_64_TO_32_BIT_CONVERSION = YES;
				GCC_WARN_ABOUT_RETURN_TYPE = YES_ERROR;
				GCC_WARN_UNDECLARED_SELECTOR = YES;
				GCC_WARN_UNINITIALIZED_AUTOS = YES_AGGRESSIVE;
				GCC_WARN_UNUSED_FUNCTION = YES;
				GCC_WARN_UNUSED_VARIABLE = YES;
				IPHONEOS_DEPLOYMENT_TARGET = 9.3;
				MTL_ENABLE_DEBUG_INFO = YES;
				ONLY_ACTIVE_ARCH = YES;
				SDKROOT = iphoneos;
			};
			name = Debug;
		};
		34F26BE81CDAD87800448614 /* Release */ = {
			isa = XCBuildConfiguration;
			buildSettings = {
				ALWAYS_SEARCH_USER_PATHS = NO;
				CLANG_ANALYZER_NONNULL = YES;
				CLANG_CXX_LANGUAGE_STANDARD = "gnu++0x";
				CLANG_CXX_LIBRARY = "libc++";
				CLANG_ENABLE_MODULES = YES;
				CLANG_ENABLE_OBJC_ARC = YES;
				CLANG_WARN_BOOL_CONVERSION = YES;
				CLANG_WARN_CONSTANT_CONVERSION = YES;
				CLANG_WARN_DIRECT_OBJC_ISA_USAGE = YES_ERROR;
				CLANG_WARN_EMPTY_BODY = YES;
				CLANG_WARN_ENUM_CONVERSION = YES;
				CLANG_WARN_INT_CONVERSION = YES;
				CLANG_WARN_OBJC_ROOT_CLASS = YES_ERROR;
				CLANG_WARN_UNREACHABLE_CODE = YES;
				CLANG_WARN__DUPLICATE_METHOD_MATCH = YES;
				"CODE_SIGN_IDENTITY[sdk=iphoneos*]" = "iPhone Developer";
				COPY_PHASE_STRIP = NO;
				DEBUG_INFORMATION_FORMAT = "dwarf-with-dsym";
				ENABLE_NS_ASSERTIONS = NO;
				ENABLE_STRICT_OBJC_MSGSEND = YES;
				GCC_C_LANGUAGE_STANDARD = gnu99;
				GCC_NO_COMMON_BLOCKS = YES;
				GCC_WARN_64_TO_32_BIT_CONVERSION = YES;
				GCC_WARN_ABOUT_RETURN_TYPE = YES_ERROR;
				GCC_WARN_UNDECLARED_SELECTOR = YES;
				GCC_WARN_UNINITIALIZED_AUTOS = YES_AGGRESSIVE;
				GCC_WARN_UNUSED_FUNCTION = YES;
				GCC_WARN_UNUSED_VARIABLE = YES;
				IPHONEOS_DEPLOYMENT_TARGET = 9.3;
				MTL_ENABLE_DEBUG_INFO = NO;
				SDKROOT = iphoneos;
				VALIDATE_PRODUCT = YES;
			};
			name = Release;
		};
		34F26BEA1CDAD87800448614 /* Debug */ = {
			isa = XCBuildConfiguration;
			buildSettings = {
				ASSETCATALOG_COMPILER_APPICON_NAME = AppIcon;
				INFOPLIST_FILE = Test111/Info.plist;
				LD_RUNPATH_SEARCH_PATHS = "$(inherited) @executable_path/Frameworks";
				PRODUCT_BUNDLE_IDENTIFIER = com.ZhangXu.Test111;
				PRODUCT_NAME = "$(TARGET_NAME)";
			};
			name = Debug;
		};
		34F26BEB1CDAD87800448614 /* Release */ = {
			isa = XCBuildConfiguration;
			buildSettings = {
				ASSETCATALOG_COMPILER_APPICON_NAME = AppIcon;
				INFOPLIST_FILE = Test111/Info.plist;
				LD_RUNPATH_SEARCH_PATHS = "$(inherited) @executable_path/Frameworks";
				PRODUCT_BUNDLE_IDENTIFIER = com.ZhangXu.Test111;
				PRODUCT_NAME = "$(TARGET_NAME)";
			};
			name = Release;
		};
		34F26BED1CDAD87800448614 /* Debug */ = {
			isa = XCBuildConfiguration;
			buildSettings = {
				BUNDLE_LOADER = "$(TEST_HOST)";
				INFOPLIST_FILE = Test111Tests/Info.plist;
				LD_RUNPATH_SEARCH_PATHS = "$(inherited) @executable_path/Frameworks @loader_path/Frameworks";
				PRODUCT_BUNDLE_IDENTIFIER = com.ZhangXu.Test111Tests;
				PRODUCT_NAME = "$(TARGET_NAME)";
				TEST_HOST = "$(BUILT_PRODUCTS_DIR)/Test111.app/Test111";
			};
			name = Debug;
		};
		34F26BEE1CDAD87800448614 /* Release */ = {
			isa = XCBuildConfiguration;
			buildSettings = {
				BUNDLE_LOADER = "$(TEST_HOST)";
				INFOPLIST_FILE = Test111Tests/Info.plist;
				LD_RUNPATH_SEARCH_PATHS = "$(inherited) @executable_path/Frameworks @loader_path/Frameworks";
				PRODUCT_BUNDLE_IDENTIFIER = com.ZhangXu.Test111Tests;
				PRODUCT_NAME = "$(TARGET_NAME)";
				TEST_HOST = "$(BUILT_PRODUCTS_DIR)/Test111.app/Test111";
			};
			name = Release;
		};
		34F26BF01CDAD87800448614 /* Debug */ = {
			isa = XCBuildConfiguration;
			buildSettings = {
				INFOPLIST_FILE = Test111UITests/Info.plist;
				LD_RUNPATH_SEARCH_PATHS = "$(inherited) @executable_path/Frameworks @loader_path/Frameworks";
				PRODUCT_BUNDLE_IDENTIFIER = com.ZhangXu.Test111UITests;
				PRODUCT_NAME = "$(TARGET_NAME)";
				TEST_TARGET_NAME = Test111;
			};
			name = Debug;
		};
		34F26BF11CDAD87800448614 /* Release */ = {
			isa = XCBuildConfiguration;
			buildSettings = {
				INFOPLIST_FILE = Test111UITests/Info.plist;
				LD_RUNPATH_SEARCH_PATHS = "$(inherited) @executable_path/Frameworks @loader_path/Frameworks";
				PRODUCT_BUNDLE_IDENTIFIER = com.ZhangXu.Test111UITests;
				PRODUCT_NAME = "$(TARGET_NAME)";
				TEST_TARGET_NAME = Test111;
			};
			name = Release;
		};
/* End XCBuildConfiguration section */

/* Begin XCConfigurationList section */
		34F26BB71CDAD87700448614 /* Build configuration list for PBXProject "Test111" */ = {
			isa = XCConfigurationList;
			buildConfigurations = (
				34F26BE71CDAD87800448614 /* Debug */,
				34F26BE81CDAD87800448614 /* Release */,
			);
			defaultConfigurationIsVisible = 0;
			defaultConfigurationName = Release;
		};
		34F26BE91CDAD87800448614 /* Build configuration list for PBXNativeTarget "Test111" */ = {
			isa = XCConfigurationList;
			buildConfigurations = (
				34F26BEA1CDAD87800448614 /* Debug */,
				34F26BEB1CDAD87800448614 /* Release */,
			);
			defaultConfigurationIsVisible = 0;
			defaultConfigurationName = Release;
		};
		34F26BEC1CDAD87800448614 /* Build configuration list for PBXNativeTarget "Test111Tests" */ = {
			isa = XCConfigurationList;
			buildConfigurations = (
				34F26BED1CDAD87800448614 /* Debug */,
				34F26BEE1CDAD87800448614 /* Release */,
			);
			defaultConfigurationIsVisible = 0;
			defaultConfigurationName = Release;
		};
		34F26BEF1CDAD87800448614 /* Build configuration list for PBXNativeTarget "Test111UITests" */ = {
			isa = XCConfigurationList;
			buildConfigurations = (
				34F26BF01CDAD87800448614 /* Debug */,
				34F26BF11CDAD87800448614 /* Release */,
			);
			defaultConfigurationIsVisible = 0;
			defaultConfigurationName = Release;
		};
/* End XCConfigurationList section */
	};
	rootObject = 34F26BB41CDAD87700448614 /* Project object */;
}
